<Solution>
  <Folder Name="/Unity Review/">
    <Project Path="Ssalddel.UnityReview.Api/Ssalddel.UnityReview.Api.csproj" />
    <Project Path="Ssalddel.UnityReview.Core/Ssalddel.UnityReview.Core.csproj" />
    <Project Path="Ssalddel.Web.UnityReviewApp/Ssalddel.Web.UnityReviewApp.csproj" />
  </Folder>
  <Folder Name="/Shared/">
    <Project Path="Ssalddel.BusinessWorkflow/Ssalddel.BusinessWorkflow.csproj" />
    <Project Path="Ssalddel.Client.Infrastructure/Ssalddel.Client.Infrastructure.csproj" />
    <Project Path="Ssalddel.Contracts/Ssalddel.Contracts.csproj" />
  </Folder>
</Solution>
