<Solution>
  <Folder Name="/Apps/">
    <Project Path="FDriverApp/FDriverApp.csproj" />
    <Project Path="DriverApp/DriverApp.csproj" />
    <Project Path="HumanResourcesManagerApp/HumanResourcesManagerApp.csproj">
      <Deploy Solution="Debug|*" />
    </Project>
    <Project Path="SsalddelRestaurantDesktop/SsalddelRestaurantDesktop.csproj" />
    <Project Path="SsalddelAdmin/SsalddelAdmin.csproj">
      <Build Solution="Debug|*" Project="false" />
    </Project>
    <Project Path="SsalddelAdminApp/SsalddelAdminApp.csproj">
      <Deploy Solution="Debug|*" />
    </Project>
    <Project Path="OrdererApp/OrdererApp.csproj" />
    <Project Path="RestaurantDeskApp/RestaurantDeskApp.csproj" />
    <Project Path="SellerApp/SellerApp.csproj">
      <Deploy Solution="Debug|*" />
    </Project>
    <Project Path="SsalddelApp/SsalddelApp.csproj">
      <Deploy Solution="Debug|*" />
    </Project>
    <Project Path="WarehouseManagerApp/WarehouseManagerApp.csproj">
      <Deploy Solution="Debug|*" />
    </Project>
  </Folder>
  <Folder Name="/Role WebApps/">
    <Project Path="Ssalddel.Web.CommunityApp/Ssalddel.Web.CommunityApp.csproj" />
    <Project Path="Ssalddel.Web.OrdererApp/Ssalddel.Web.OrdererApp.csproj" />
    <Project Path="Ssalddel.Web.ShipperApp/Ssalddel.Web.ShipperApp.csproj" />
    <Project Path="Ssalddel.Web.DriverApp/Ssalddel.Web.DriverApp.csproj" />
    <Project Path="Ssalddel.Web.WarehouseApp/Ssalddel.Web.WarehouseApp.csproj" />
  </Folder>
  <Folder Name="/Unity Tooling/">
    <Project Path="Ssalddel.Web.UnityReviewApp/Ssalddel.Web.UnityReviewApp.csproj" />
  </Folder>
  <Folder Name="/Server Modules/">
    <Project Path="Ssalddel.Community/Ssalddel.Community.csproj" />
  </Folder>
  <Folder Name="/Server/">
    <Project Path="docker-compose.dcproj">
      <Build />
    </Project>
    <Project Path="Ssalddel.FoodApi/Ssalddel.FoodApi.csproj">
      <Build Solution="Debug|*" Project="false" />
    </Project>
    <Project Path="Ssalddel/Ssalddel.csproj" />
    <Project Path="Ssalddel.Simulation.Server/Ssalddel.Simulation.Server.csproj" />
  </Folder>
  <Folder Name="/Simulation/">
    <Project Path="Ssalddel.BusinessWorkflow/Ssalddel.BusinessWorkflow.csproj" />
    <Project Path="Ssalddel.Interior.Contracts/Ssalddel.Interior.Contracts.csproj" />
    <Project Path="Ssalddel.Interior.Domain/Ssalddel.Interior.Domain.csproj" />
    <Project Path="Ssalddel.Simulation.Application/Ssalddel.Simulation.Application.csproj" />
    <Project Path="Ssalddel.Simulation.Contracts/Ssalddel.Simulation.Contracts.csproj" />
    <Project Path="Ssalddel.Simulation.Domain/Ssalddel.Simulation.Domain.csproj" />
    <Project Path="Ssalddel.Simulation.Infrastructure/Ssalddel.Simulation.Infrastructure.csproj" />
    <Project Path="Ssalddel.Simulation.Persistence/Ssalddel.Simulation.Persistence.csproj" />
    <Project Path="Ssalddel.Simulation.Tests/Ssalddel.Simulation.Tests.csproj" />
  </Folder>
  <Folder Name="/Workflow Rules/">
    <Project Path="Ssalddel.WorkflowRules.Contracts/Ssalddel.WorkflowRules.Contracts.csproj" />
    <Project Path="Ssalddel.WorkflowRules/Ssalddel.WorkflowRules.csproj" />
  </Folder>
  <Folder Name="/Shared/">
    <Project Path="Ssalddel.CodeMetadata/Ssalddel.CodeMetadata.csproj" />
    <Project Path="Ssalddel.BackOffice.Client/Ssalddel.BackOffice.Client.csproj">
      <Build Solution="Debug|*" Project="false" />
    </Project>
    <Project Path="Ssalddel.Client.Infrastructure/Ssalddel.Client.Infrastructure.csproj" />
    <Project Path="Ssalddel.Contracts/Ssalddel.Contracts.csproj" />
    <Project Path="Ssalddel.Domain/Ssalddel.Domain.csproj" />
    <Project Path="Ssalddel.Infrastructure/Ssalddel.Infrastructure.csproj" />
    <Project Path="Ssalddel.Ui.Common/Ssalddel.Ui.Common.csproj">
      <Build Solution="Debug|*" Project="false" />
    </Project>
  </Folder>
  <Project Path="Ssalddel.WebApp/Ssalddel.WebApp.csproj" />
</Solution>
