<Solution>
  <Folder Name="/Shared/">
    <Project Path="Ssalddel.CodeMetadata/Ssalddel.CodeMetadata.csproj" />
  </Folder>
  <Folder Name="/Simulation/">
    <Project Path="Ssalddel.BusinessWorkflow/Ssalddel.BusinessWorkflow.csproj" />
    <Project Path="Ssalddel.Interior.Contracts/Ssalddel.Interior.Contracts.csproj" />
    <Project Path="Ssalddel.Interior.Domain/Ssalddel.Interior.Domain.csproj" />
    <Project Path="Ssalddel.Simulation.Application/Ssalddel.Simulation.Application.csproj" />
    <Project Path="Ssalddel.Simulation.Contracts/Ssalddel.Simulation.Contracts.csproj" />
    <Project Path="Ssalddel.Simulation.Domain/Ssalddel.Simulation.Domain.csproj" />
    <Project Path="Ssalddel.Simulation.Infrastructure/Ssalddel.Simulation.Infrastructure.csproj" />
    <Project Path="Ssalddel.Simulation.Persistence/Ssalddel.Simulation.Persistence.csproj" />
    <Project Path="Ssalddel.Simulation.Server/Ssalddel.Simulation.Server.csproj" />
  </Folder>
  <Folder Name="/Workflow Rules/">
    <Project Path="Ssalddel.WorkflowRules.Contracts/Ssalddel.WorkflowRules.Contracts.csproj" />
    <Project Path="Ssalddel.WorkflowRules/Ssalddel.WorkflowRules.csproj" />
  </Folder>
  <Folder Name="/Tests/">
    <Project Path="Ssalddel.Simulation.Tests/Ssalddel.Simulation.Tests.csproj" />
  </Folder>
  <Folder Name="/Tools/">
    <Project Path="eng/Ssalddel.EvidenceMap/Ssalddel.EvidenceMap.csproj" />
  </Folder>
</Solution>
